
Microsoft Visual Studio Solution File, Format Version 12.00
# Visual Studio Version 16
VisualStudioVersion = 16.0.31911.196
MinimumVisualStudioVersion = 10.0.40219.1
Project("{9A19103F-16F7-4668-BE54-9A1E7A4F7556}") = "FormationCMSUmbraco9", "FormationCMSUmbraco9.csproj", "{9B9E5816-42F7-4F56-ADB9-16E5791E6CAF}"
EndProject
Global
	GlobalSection(SolutionConfigurationPlatforms) = preSolution
		Debug|Any CPU = Debug|Any CPU
		Release|Any CPU = Release|Any CPU
	EndGlobalSection
	GlobalSection(ProjectConfigurationPlatforms) = postSolution
		{9B9E5816-42F7-4F56-ADB9-16E5791E6CAF}.Debug|Any CPU.ActiveCfg = Debug|Any CPU
		{9B9E5816-42F7-4F56-ADB9-16E5791E6CAF}.Debug|Any CPU.Build.0 = Debug|Any CPU
		{9B9E5816-42F7-4F56-ADB9-16E5791E6CAF}.Release|Any CPU.ActiveCfg = Release|Any CPU
		{9B9E5816-42F7-4F56-ADB9-16E5791E6CAF}.Release|Any CPU.Build.0 = Release|Any CPU
	EndGlobalSection
	GlobalSection(SolutionProperties) = preSolution
		HideSolutionNode = FALSE
	EndGlobalSection
	GlobalSection(ExtensibilityGlobals) = postSolution
		SolutionGuid = {6DCF6E43-EE5A-48A3-BD75-45422FFD26B9}
	EndGlobalSection
EndGlobal
